
Microsoft Visual Studio Solution File, Format Version 12.00
# Visual Studio Version 17
VisualStudioVersion = 17.0.31903.59
MinimumVisualStudioVersion = 10.0.40219.1
Project("{2150E333-8FDC-42A3-9474-1A3956D46DE8}") = "src", "src", "{827E0CD3-B72D-47B6-A68D-7590B98EB39B}"
EndProject
Project("{FAE04EC0-301F-11D3-BF4B-00C04F79EFBC}") = "Tickbox.Domain", "src\Tickbox.Domain\Tickbox.Domain.csproj", "{5DA384DC-135A-438D-8F0B-ED36221EB4D2}"
EndProject
Project("{FAE04EC0-301F-11D3-BF4B-00C04F79EFBC}") = "Tickbox.Application", "src\Tickbox.Application\Tickbox.Application.csproj", "{CEF6BE32-CB42-46FC-8E11-633E45B65E87}"
EndProject
Project("{FAE04EC0-301F-11D3-BF4B-00C04F79EFBC}") = "Tickbox.Infrastructure", "src\Tickbox.Infrastructure\Tickbox.Infrastructure.csproj", "{3B4029AD-AB50-4A51-9940-03C21861C87D}"
EndProject
Project("{FAE04EC0-301F-11D3-BF4B-00C04F79EFBC}") = "Tickbox.Api", "src\Tickbox.Api\Tickbox.Api.csproj", "{4AB3CA7A-DFC2-412D-ABD3-80707E8E6C02}"
EndProject
Project("{FAE04EC0-301F-11D3-BF4B-00C04F79EFBC}") = "Tickbox.Api.Tests", "tests\Tickbox.Api.Tests\Tickbox.Api.Tests.csproj", "{65C02466-4C58-4B67-94B7-9A0C5B9C6054}"
EndProject
Global
	GlobalSection(SolutionConfigurationPlatforms) = preSolution
		Debug|Any CPU = Debug|Any CPU
		Debug|x64 = Debug|x64
		Debug|x86 = Debug|x86
		Release|Any CPU = Release|Any CPU
		Release|x64 = Release|x64
		Release|x86 = Release|x86
	EndGlobalSection
	GlobalSection(ProjectConfigurationPlatforms) = postSolution
		{5DA384DC-135A-438D-8F0B-ED36221EB4D2}.Debug|Any CPU.ActiveCfg = Debug|Any CPU
		{5DA384DC-135A-438D-8F0B-ED36221EB4D2}.Debug|Any CPU.Build.0 = Debug|Any CPU
		{5DA384DC-135A-438D-8F0B-ED36221EB4D2}.Debug|x64.ActiveCfg = Debug|Any CPU
		{5DA384DC-135A-438D-8F0B-ED36221EB4D2}.Debug|x64.Build.0 = Debug|Any CPU
		{5DA384DC-135A-438D-8F0B-ED36221EB4D2}.Debug|x86.ActiveCfg = Debug|Any CPU
		{5DA384DC-135A-438D-8F0B-ED36221EB4D2}.Debug|x86.Build.0 = Debug|Any CPU
		{5DA384DC-135A-438D-8F0B-ED36221EB4D2}.Release|Any CPU.ActiveCfg = Release|Any CPU
		{5DA384DC-135A-438D-8F0B-ED36221EB4D2}.Release|Any CPU.Build.0 = Release|Any CPU
		{5DA384DC-135A-438D-8F0B-ED36221EB4D2}.Release|x64.ActiveCfg = Release|Any CPU
		{5DA384DC-135A-438D-8F0B-ED36221EB4D2}.Release|x64.Build.0 = Release|Any CPU
		{5DA384DC-135A-438D-8F0B-ED36221EB4D2}.Release|x86.ActiveCfg = Release|Any CPU
		{5DA384DC-135A-438D-8F0B-ED36221EB4D2}.Release|x86.Build.0 = Release|Any CPU
		{CEF6BE32-CB42-46FC-8E11-633E45B65E87}.Debug|Any CPU.ActiveCfg = Debug|Any CPU
		{CEF6BE32-CB42-46FC-8E11-633E45B65E87}.Debug|Any CPU.Build.0 = Debug|Any CPU
		{CEF6BE32-CB42-46FC-8E11-633E45B65E87}.Debug|x64.ActiveCfg = Debug|Any CPU
		{CEF6BE32-CB42-46FC-8E11-633E45B65E87}.Debug|x64.Build.0 = Debug|Any CPU
		{CEF6BE32-CB42-46FC-8E11-633E45B65E87}.Debug|x86.ActiveCfg = Debug|Any CPU
		{CEF6BE32-CB42-46FC-8E11-633E45B65E87}.Debug|x86.Build.0 = Debug|Any CPU
		{CEF6BE32-CB42-46FC-8E11-633E45B65E87}.Release|Any CPU.ActiveCfg = Release|Any CPU
		{CEF6BE32-CB42-46FC-8E11-633E45B65E87}.Release|Any CPU.Build.0 = Release|Any CPU
		{CEF6BE32-CB42-46FC-8E11-633E45B65E87}.Release|x64.ActiveCfg = Release|Any CPU
		{CEF6BE32-CB42-46FC-8E11-633E45B65E87}.Release|x64.Build.0 = Release|Any CPU
		{CEF6BE32-CB42-46FC-8E11-633E45B65E87}.Release|x86.ActiveCfg = Release|Any CPU
		{CEF6BE32-CB42-46FC-8E11-633E45B65E87}.Release|x86.Build.0 = Release|Any CPU
		{3B4029AD-AB50-4A51-9940-03C21861C87D}.Debug|Any CPU.ActiveCfg = Debug|Any CPU
		{3B4029AD-AB50-4A51-9940-03C21861C87D}.Debug|Any CPU.Build.0 = Debug|Any CPU
		{3B4029AD-AB50-4A51-9940-03C21861C87D}.Debug|x64.ActiveCfg = Debug|Any CPU
		{3B4029AD-AB50-4A51-9940-03C21861C87D}.Debug|x64.Build.0 = Debug|Any CPU
		{3B4029AD-AB50-4A51-9940-03C21861C87D}.Debug|x86.ActiveCfg = Debug|Any CPU
		{3B4029AD-AB50-4A51-9940-03C21861C87D}.Debug|x86.Build.0 = Debug|Any CPU
		{3B4029AD-AB50-4A51-9940-03C21861C87D}.Release|Any CPU.ActiveCfg = Release|Any CPU
		{3B4029AD-AB50-4A51-9940-03C21861C87D}.Release|Any CPU.Build.0 = Release|Any CPU
		{3B4029AD-AB50-4A51-9940-03C21861C87D}.Release|x64.ActiveCfg = Release|Any CPU
		{3B4029AD-AB50-4A51-9940-03C21861C87D}.Release|x64.Build.0 = Release|Any CPU
		{3B4029AD-AB50-4A51-9940-03C21861C87D}.Release|x86.ActiveCfg = Release|Any CPU
		{3B4029AD-AB50-4A51-9940-03C21861C87D}.Release|x86.Build.0 = Release|Any CPU
		{4AB3CA7A-DFC2-412D-ABD3-80707E8E6C02}.Debug|Any CPU.ActiveCfg = Debug|Any CPU
		{4AB3CA7A-DFC2-412D-ABD3-80707E8E6C02}.Debug|Any CPU.Build.0 = Debug|Any CPU
		{4AB3CA7A-DFC2-412D-ABD3-80707E8E6C02}.Debug|x64.ActiveCfg = Debug|Any CPU
		{4AB3CA7A-DFC2-412D-ABD3-80707E8E6C02}.Debug|x64.Build.0 = Debug|Any CPU
		{4AB3CA7A-DFC2-412D-ABD3-80707E8E6C02}.Debug|x86.ActiveCfg = Debug|Any CPU
		{4AB3CA7A-DFC2-412D-ABD3-80707E8E6C02}.Debug|x86.Build.0 = Debug|Any CPU
		{4AB3CA7A-DFC2-412D-ABD3-80707E8E6C02}.Release|Any CPU.ActiveCfg = Release|Any CPU
		{4AB3CA7A-DFC2-412D-ABD3-80707E8E6C02}.Release|Any CPU.Build.0 = Release|Any CPU
		{4AB3CA7A-DFC2-412D-ABD3-80707E8E6C02}.Release|x64.ActiveCfg = Release|Any CPU
		{4AB3CA7A-DFC2-412D-ABD3-80707E8E6C02}.Release|x64.Build.0 = Release|Any CPU
		{4AB3CA7A-DFC2-412D-ABD3-80707E8E6C02}.Release|x86.ActiveCfg = Release|Any CPU
		{4AB3CA7A-DFC2-412D-ABD3-80707E8E6C02}.Release|x86.Build.0 = Release|Any CPU
		{65C02466-4C58-4B67-94B7-9A0C5B9C6054}.Debug|Any CPU.ActiveCfg = Debug|Any CPU
		{65C02466-4C58-4B67-94B7-9A0C5B9C6054}.Debug|Any CPU.Build.0 = Debug|Any CPU
		{65C02466-4C58-4B67-94B7-9A0C5B9C6054}.Debug|x64.ActiveCfg = Debug|Any CPU
		{65C02466-4C58-4B67-94B7-9A0C5B9C6054}.Debug|x64.Build.0 = Debug|Any CPU
		{65C02466-4C58-4B67-94B7-9A0C5B9C6054}.Debug|x86.ActiveCfg = Debug|Any CPU
		{65C02466-4C58-4B67-94B7-9A0C5B9C6054}.Debug|x86.Build.0 = Debug|Any CPU
		{65C02466-4C58-4B67-94B7-9A0C5B9C6054}.Release|Any CPU.ActiveCfg = Release|Any CPU
		{65C02466-4C58-4B67-94B7-9A0C5B9C6054}.Release|Any CPU.Build.0 = Release|Any CPU
		{65C02466-4C58-4B67-94B7-9A0C5B9C6054}.Release|x64.ActiveCfg = Release|Any CPU
		{65C02466-4C58-4B67-94B7-9A0C5B9C6054}.Release|x64.Build.0 = Release|Any CPU
		{65C02466-4C58-4B67-94B7-9A0C5B9C6054}.Release|x86.ActiveCfg = Release|Any CPU
		{65C02466-4C58-4B67-94B7-9A0C5B9C6054}.Release|x86.Build.0 = Release|Any CPU
	EndGlobalSection
	GlobalSection(SolutionProperties) = preSolution
		HideSolutionNode = FALSE
	EndGlobalSection
	GlobalSection(NestedProjects) = preSolution
		{5DA384DC-135A-438D-8F0B-ED36221EB4D2} = {827E0CD3-B72D-47B6-A68D-7590B98EB39B}
		{CEF6BE32-CB42-46FC-8E11-633E45B65E87} = {827E0CD3-B72D-47B6-A68D-7590B98EB39B}
		{3B4029AD-AB50-4A51-9940-03C21861C87D} = {827E0CD3-B72D-47B6-A68D-7590B98EB39B}
		{4AB3CA7A-DFC2-412D-ABD3-80707E8E6C02} = {827E0CD3-B72D-47B6-A68D-7590B98EB39B}
		{65C02466-4C58-4B67-94B7-9A0C5B9C6054} = {827E0CD3-B72D-47B6-A68D-7590B98EB39B}
	EndGlobalSection
EndGlobal
